// !$*UTF8*$!
{
	archiveVersion = 1;
	classes = {
	};
	objectVersion = 52;
	objects = {

/* Begin PBXBuildFile section */
		4C7D91422578BBDB00A03129 /* Assets.xcassets in Resources */ = {isa = PBXBuildFile; fileRef = 4C7D91412578BBDB00A03129 /* Assets.xcassets */; };
		4CD54C4B255EE85B009DFB1C /* AppDelegate.swift in Sources */ = {isa = PBXBuildFile; fileRef = 4CD54C4A255EE85B009DFB1C /* AppDelegate.swift */; };
		4CD54C4F255EE85B009DFB1C /* ViewController.swift in Sources */ = {isa = PBXBuildFile; fileRef = 4CD54C4E255EE85B009DFB1C /* ViewController.swift */; };
		4CD54C57255EE85C009DFB1C /* LaunchScreen.storyboard in Resources */ = {isa = PBXBuildFile; fileRef = 4CD54C55255EE85C009DFB1C /* LaunchScreen.storyboard */; };
		4CD54C61255EE9F0009DFB1C /* Apollo in Frameworks */ = {isa = PBXBuildFile; productRef = 4CD54C60255EE9F0009DFB1C /* Apollo */; };
		4CD54C63255EE9F0009DFB1C /* ApolloWebSocket in Frameworks */ = {isa = PBXBuildFile; productRef = 4CD54C62255EE9F0009DFB1C /* ApolloWebSocket */; };
		4CD54C71255EF0E6009DFB1C /* API.swift in Sources */ = {isa = PBXBuildFile; fileRef = 4CD54C70255EF0E6009DFB1C /* API.swift */; };
		4CD54C78255EFD0B009DFB1C /* Network.swift in Sources */ = {isa = PBXBuildFile; fileRef = 4CD54C77255EFD0B009DFB1C /* Network.swift */; };
		4CD54C7B255EFE48009DFB1C /* MasterViewController.swift in Sources */ = {isa = PBXBuildFile; fileRef = 4CD54C7A255EFE48009DFB1C /* MasterViewController.swift */; };
		4CD54C7F255F5CB3009DFB1C /* SDWebImage in Frameworks */ = {isa = PBXBuildFile; productRef = 4CD54C7E255F5CB3009DFB1C /* SDWebImage */; };
		4CD54C81255F5CB3009DFB1C /* SDWebImageMapKit in Frameworks */ = {isa = PBXBuildFile; productRef = 4CD54C80255F5CB3009DFB1C /* SDWebImageMapKit */; };
		4CF9BFC325795090006AB53D /* DetailViewController.swift in Sources */ = {isa = PBXBuildFile; fileRef = 4CF9BFC225795090006AB53D /* DetailViewController.swift */; };
		4CF9BFC72579517C006AB53D /* UIImage+Extensions.swift in Sources */ = {isa = PBXBuildFile; fileRef = 4CF9BFC62579517C006AB53D /* UIImage+Extensions.swift */; };
/* End PBXBuildFile section */

/* Begin PBXFileReference section */
		4C7D91412578BBDB00A03129 /* Assets.xcassets */ = {isa = PBXFileReference; lastKnownFileType = folder.assetcatalog; path = Assets.xcassets; sourceTree = "<group>"; };
		4CD54C47255EE85B009DFB1C /* RocketReserver.app */ = {isa = PBXFileReference; explicitFileType = wrapper.application; includeInIndex = 0; path = RocketReserver.app; sourceTree = BUILT_PRODUCTS_DIR; };
		4CD54C4A255EE85B009DFB1C /* AppDelegate.swift */ = {isa = PBXFileReference; lastKnownFileType = sourcecode.swift; path = AppDelegate.swift; sourceTree = "<group>"; };
		4CD54C4E255EE85B009DFB1C /* ViewController.swift */ = {isa = PBXFileReference; lastKnownFileType = sourcecode.swift; path = ViewController.swift; sourceTree = "<group>"; };
		4CD54C56255EE85C009DFB1C /* Base */ = {isa = PBXFileReference; lastKnownFileType = file.storyboard; name = Base; path = Base.lproj/LaunchScreen.storyboard; sourceTree = "<group>"; };
		4CD54C58255EE85C009DFB1C /* Info.plist */ = {isa = PBXFileReference; lastKnownFileType = text.plist.xml; path = Info.plist; sourceTree = "<group>"; };
		4CD54C6E255EEEE8009DFB1C /* LaunchList.graphql */ = {isa = PBXFileReference; lastKnownFileType = text; path = LaunchList.graphql; sourceTree = "<group>"; };
		4CD54C70255EF0E6009DFB1C /* API.swift */ = {isa = PBXFileReference; fileEncoding = 4; lastKnownFileType = sourcecode.swift; path = API.swift; sourceTree = "<group>"; };
		4CD54C75255EFCBE009DFB1C /* schema.json */ = {isa = PBXFileReference; lastKnownFileType = text.json; path = schema.json; sourceTree = "<group>"; };
		4CD54C77255EFD0B009DFB1C /* Network.swift */ = {isa = PBXFileReference; lastKnownFileType = sourcecode.swift; path = Network.swift; sourceTree = "<group>"; };
		4CD54C7A255EFE48009DFB1C /* MasterViewController.swift */ = {isa = PBXFileReference; lastKnownFileType = sourcecode.swift; path = MasterViewController.swift; sourceTree = "<group>"; };
		4CF9BFC225795090006AB53D /* DetailViewController.swift */ = {isa = PBXFileReference; lastKnownFileType = sourcecode.swift; path = DetailViewController.swift; sourceTree = "<group>"; };
		4CF9BFC62579517C006AB53D /* UIImage+Extensions.swift */ = {isa = PBXFileReference; lastKnownFileType = sourcecode.swift; path = "UIImage+Extensions.swift"; sourceTree = "<group>"; };
/* End PBXFileReference section */

/* Begin PBXFrameworksBuildPhase section */
		4CD54C44255EE85B009DFB1C /* Frameworks */ = {
			isa = PBXFrameworksBuildPhase;
			buildActionMask = 2147483647;
			files = (
				4CD54C7F255F5CB3009DFB1C /* SDWebImage in Frameworks */,
				4CD54C61255EE9F0009DFB1C /* Apollo in Frameworks */,
				4CD54C81255F5CB3009DFB1C /* SDWebImageMapKit in Frameworks */,
				4CD54C63255EE9F0009DFB1C /* ApolloWebSocket in Frameworks */,
			);
			runOnlyForDeploymentPostprocessing = 0;
		};
/* End PBXFrameworksBuildPhase section */

/* Begin PBXGroup section */
		4CD54C3E255EE85B009DFB1C = {
			isa = PBXGroup;
			children = (
				4CF9BFC52579515E006AB53D /* Utilities */,
				4CD54C49255EE85B009DFB1C /* RocketReserver */,
				4CD54C48255EE85B009DFB1C /* Products */,
			);
			sourceTree = "<group>";
		};
		4CD54C48255EE85B009DFB1C /* Products */ = {
			isa = PBXGroup;
			children = (
				4CD54C47255EE85B009DFB1C /* RocketReserver.app */,
			);
			name = Products;
			sourceTree = "<group>";
		};
		4CD54C49255EE85B009DFB1C /* RocketReserver */ = {
			isa = PBXGroup;
			children = (
				4CD54C4A255EE85B009DFB1C /* AppDelegate.swift */,
				4CD54C7A255EFE48009DFB1C /* MasterViewController.swift */,
				4CF9BFC225795090006AB53D /* DetailViewController.swift */,
				4CD54C4E255EE85B009DFB1C /* ViewController.swift */,
				4CD54C77255EFD0B009DFB1C /* Network.swift */,
				4CD54C70255EF0E6009DFB1C /* API.swift */,
				4CD54C75255EFCBE009DFB1C /* schema.json */,
				4CD54C6E255EEEE8009DFB1C /* LaunchList.graphql */,
				4CD54C55255EE85C009DFB1C /* LaunchScreen.storyboard */,
				4CD54C58255EE85C009DFB1C /* Info.plist */,
				4C7D91412578BBDB00A03129 /* Assets.xcassets */,
			);
			path = RocketReserver;
			sourceTree = "<group>";
		};
		4CF9BFC52579515E006AB53D /* Utilities */ = {
			isa = PBXGroup;
			children = (
				4CF9BFC62579517C006AB53D /* UIImage+Extensions.swift */,
			);
			name = Utilities;
			sourceTree = "<group>";
		};
/* End PBXGroup section */

/* Begin PBXNativeTarget section */
		4CD54C46255EE85B009DFB1C /* RocketReserver */ = {
			isa = PBXNativeTarget;
			buildConfigurationList = 4CD54C5B255EE85C009DFB1C /* Build configuration list for PBXNativeTarget "RocketReserver" */;
			buildPhases = (
				4CD54C68255EEBE6009DFB1C /* Apollo CLI */,
				4CD54C43255EE85B009DFB1C /* Sources */,
				4CD54C44255EE85B009DFB1C /* Frameworks */,
				4CD54C45255EE85B009DFB1C /* Resources */,
			);
			buildRules = (
			);
			dependencies = (
			);
			name = RocketReserver;
			packageProductDependencies = (
				4CD54C60255EE9F0009DFB1C /* Apollo */,
				4CD54C62255EE9F0009DFB1C /* ApolloWebSocket */,
				4CD54C7E255F5CB3009DFB1C /* SDWebImage */,
				4CD54C80255F5CB3009DFB1C /* SDWebImageMapKit */,
			);
			productName = RocketReserver;
			productReference = 4CD54C47255EE85B009DFB1C /* RocketReserver.app */;
			productType = "com.apple.product-type.application";
		};
/* End PBXNativeTarget section */

/* Begin PBXProject section */
		4CD54C3F255EE85B009DFB1C /* Project object */ = {
			isa = PBXProject;
			attributes = {
				LastSwiftUpdateCheck = 1210;
				LastUpgradeCheck = 1210;
				TargetAttributes = {
					4CD54C46255EE85B009DFB1C = {
						CreatedOnToolsVersion = 12.1.1;
					};
				};
			};
			buildConfigurationList = 4CD54C42255EE85B009DFB1C /* Build configuration list for PBXProject "RocketReserver" */;
			compatibilityVersion = "Xcode 9.3";
			developmentRegion = en;
			hasScannedForEncodings = 0;
			knownRegions = (
				en,
				Base,
			);
			mainGroup = 4CD54C3E255EE85B009DFB1C;
			packageReferences = (
				4CD54C5F255EE9F0009DFB1C /* XCRemoteSwiftPackageReference "apollo-ios" */,
				4CD54C7D255F5CB2009DFB1C /* XCRemoteSwiftPackageReference "SDWebImage" */,
			);
			productRefGroup = 4CD54C48255EE85B009DFB1C /* Products */;
			projectDirPath = "";
			projectRoot = "";
			targets = (
				4CD54C46255EE85B009DFB1C /* RocketReserver */,
			);
		};
/* End PBXProject section */

/* Begin PBXResourcesBuildPhase section */
		4CD54C45255EE85B009DFB1C /* Resources */ = {
			isa = PBXResourcesBuildPhase;
			buildActionMask = 2147483647;
			files = (
				4C7D91422578BBDB00A03129 /* Assets.xcassets in Resources */,
				4CD54C57255EE85C009DFB1C /* LaunchScreen.storyboard in Resources */,
			);
			runOnlyForDeploymentPostprocessing = 0;
		};
/* End PBXResourcesBuildPhase section */

/* Begin PBXShellScriptBuildPhase section */
		4CD54C68255EEBE6009DFB1C /* Apollo CLI */ = {
			isa = PBXShellScriptBuildPhase;
			buildActionMask = 2147483647;
			files = (
			);
			inputFileListPaths = (
			);
			inputPaths = (
			);
			name = "Apollo CLI";
			outputFileListPaths = (
			);
			outputPaths = (
			);
			runOnlyForDeploymentPostprocessing = 0;
			shellPath = /bin/sh;
			shellScript = "# Go to the build root and search up the chain to find the Derived Data Path where the source packages are checked out.\nDERIVED_DATA_CANDIDATE=\"${BUILD_ROOT}\"\n\nwhile ! [ -d \"${DERIVED_DATA_CANDIDATE}/SourcePackages\" ]; do\n  if [ \"${DERIVED_DATA_CANDIDATE}\" = / ]; then\n    echo >&2 \"error: Unable to locate SourcePackages directory from BUILD_ROOT: '${BUILD_ROOT}'\"\n    exit 1\n  fi\n\n  DERIVED_DATA_CANDIDATE=\"$(dirname \"${DERIVED_DATA_CANDIDATE}\")\"\ndone\n\n# Grab a reference to the directory where scripts are checked out\nSCRIPT_PATH=\"${DERIVED_DATA_CANDIDATE}/SourcePackages/checkouts/apollo-ios/scripts\"\n\nif [ -z \"${SCRIPT_PATH}\" ]; then\n    echo >&2 \"error: Couldn't find the CLI script in your checked out SPM packages; make sure to add the framework to your project.\"\n    exit 1\nfi\n\ncd \"${SRCROOT}/${TARGET_NAME}\"\n \"${SCRIPT_PATH}\"/run-bundled-codegen.sh codegen:generate --target=swift --includes=./**/*.graphql --localSchemaFile=\"schema.json\" API.swift\n# \"${SCRIPT_PATH}\"/run-bundled-codegen.sh schema:download --endpoint=\"https://apollo-fullstack-tutorial.herokuapp.com/\"\n";
		};
/* End PBXShellScriptBuildPhase section */

/* Begin PBXSourcesBuildPhase section */
		4CD54C43255EE85B009DFB1C /* Sources */ = {
			isa = PBXSourcesBuildPhase;
			buildActionMask = 2147483647;
			files = (
				4CD54C7B255EFE48009DFB1C /* MasterViewController.swift in Sources */,
				4CF9BFC72579517C006AB53D /* UIImage+Extensions.swift in Sources */,
				4CD54C4F255EE85B009DFB1C /* ViewController.swift in Sources */,
				4CD54C71255EF0E6009DFB1C /* API.swift in Sources */,
				4CF9BFC325795090006AB53D /* DetailViewController.swift in Sources */,
				4CD54C78255EFD0B009DFB1C /* Network.swift in Sources */,
				4CD54C4B255EE85B009DFB1C /* AppDelegate.swift in Sources */,
			);
			runOnlyForDeploymentPostprocessing = 0;
		};
/* End PBXSourcesBuildPhase section */

/* Begin PBXVariantGroup section */
		4CD54C55255EE85C009DFB1C /* LaunchScreen.storyboard */ = {
			isa = PBXVariantGroup;
			children = (
				4CD54C56255EE85C009DFB1C /* Base */,
			);
			name = LaunchScreen.storyboard;
			sourceTree = "<group>";
		};
/* End PBXVariantGroup section */

/* Begin XCBuildConfiguration section */
		4CD54C59255EE85C009DFB1C /* Debug */ = {
			isa = XCBuildConfiguration;
			buildSettings = {
				ALWAYS_SEARCH_USER_PATHS = NO;
				CLANG_ANALYZER_NONNULL = YES;
				CLANG_ANALYZER_NUMBER_OBJECT_CONVERSION = YES_AGGRESSIVE;
				CLANG_CXX_LANGUAGE_STANDARD = "gnu++14";
				CLANG_CXX_LIBRARY = "libc++";
				CLANG_ENABLE_MODULES = YES;
				CLANG_ENABLE_OBJC_ARC = YES;
				CLANG_ENABLE_OBJC_WEAK = YES;
				CLANG_WARN_BLOCK_CAPTURE_AUTORELEASING = YES;
				CLANG_WARN_BOOL_CONVERSION = YES;
				CLANG_WARN_COMMA = YES;
				CLANG_WARN_CONSTANT_CONVERSION = YES;
				CLANG_WARN_DEPRECATED_OBJC_IMPLEMENTATIONS = YES;
				CLANG_WARN_DIRECT_OBJC_ISA_USAGE = YES_ERROR;
				CLANG_WARN_DOCUMENTATION_COMMENTS = YES;
				CLANG_WARN_EMPTY_BODY = YES;
				CLANG_WARN_ENUM_CONVERSION = YES;
				CLANG_WARN_INFINITE_RECURSION = YES;
				CLANG_WARN_INT_CONVERSION = YES;
				CLANG_WARN_NON_LITERAL_NULL_CONVERSION = YES;
				CLANG_WARN_OBJC_IMPLICIT_RETAIN_SELF = YES;
				CLANG_WARN_OBJC_LITERAL_CONVERSION = YES;
				CLANG_WARN_OBJC_ROOT_CLASS = YES_ERROR;
				CLANG_WARN_QUOTED_INCLUDE_IN_FRAMEWORK_HEADER = YES;
				CLANG_WARN_RANGE_LOOP_ANALYSIS = YES;
				CLANG_WARN_STRICT_PROTOTYPES = YES;
				CLANG_WARN_SUSPICIOUS_MOVE = YES;
				CLANG_WARN_UNGUARDED_AVAILABILITY = YES_AGGRESSIVE;
				CLANG_WARN_UNREACHABLE_CODE = YES;
				CLANG_WARN__DUPLICATE_METHOD_MATCH = YES;
				COPY_PHASE_STRIP = NO;
				DEBUG_INFORMATION_FORMAT = dwarf;
				ENABLE_STRICT_OBJC_MSGSEND = YES;
				ENABLE_TESTABILITY = YES;
				GCC_C_LANGUAGE_STANDARD = gnu11;
				GCC_DYNAMIC_NO_PIC = NO;
				GCC_NO_COMMON_BLOCKS = YES;
				GCC_OPTIMIZATION_LEVEL = 0;
				GCC_PREPROCESSOR_DEFINITIONS = (
					"DEBUG=1",
					"$(inherited)",
				);
				GCC_WARN_64_TO_32_BIT_CONVERSION = YES;
				GCC_WARN_ABOUT_RETURN_TYPE = YES_ERROR;
				GCC_WARN_UNDECLARED_SELECTOR = YES;
				GCC_WARN_UNINITIALIZED_AUTOS = YES_AGGRESSIVE;
				GCC_WARN_UNUSED_FUNCTION = YES;
				GCC_WARN_UNUSED_VARIABLE = YES;
				IPHONEOS_DEPLOYMENT_TARGET = 14.2;
				MTL_ENABLE_DEBUG_INFO = INCLUDE_SOURCE;
				MTL_FAST_MATH = YES;
				ONLY_ACTIVE_ARCH = YES;
				SDKROOT = iphoneos;
				SWIFT_ACTIVE_COMPILATION_CONDITIONS = DEBUG;
				SWIFT_OPTIMIZATION_LEVEL = "-Onone";
			};
			name = Debug;
		};
		4CD54C5A255EE85C009DFB1C /* Release */ = {
			isa = XCBuildConfiguration;
			buildSettings = {
				ALWAYS_SEARCH_USER_PATHS = NO;
				CLANG_ANALYZER_NONNULL = YES;
				CLANG_ANALYZER_NUMBER_OBJECT_CONVERSION = YES_AGGRESSIVE;
				CLANG_CXX_LANGUAGE_STANDARD = "gnu++14";
				CLANG_CXX_LIBRARY = "libc++";
				CLANG_ENABLE_MODULES = YES;
				CLANG_ENABLE_OBJC_ARC = YES;
				CLANG_ENABLE_OBJC_WEAK = YES;
				CLANG_WARN_BLOCK_CAPTURE_AUTORELEASING = YES;
				CLANG_WARN_BOOL_CONVERSION = YES;
				CLANG_WARN_COMMA = YES;
				CLANG_WARN_CONSTANT_CONVERSION = YES;
				CLANG_WARN_DEPRECATED_OBJC_IMPLEMENTATIONS = YES;
				CLANG_WARN_DIRECT_OBJC_ISA_USAGE = YES_ERROR;
				CLANG_WARN_DOCUMENTATION_COMMENTS = YES;
				CLANG_WARN_EMPTY_BODY = YES;
				CLANG_WARN_ENUM_CONVERSION = YES;
				CLANG_WARN_INFINITE_RECURSION = YES;
				CLANG_WARN_INT_CONVERSION = YES;
				CLANG_WARN_NON_LITERAL_NULL_CONVERSION = YES;
				CLANG_WARN_OBJC_IMPLICIT_RETAIN_SELF = YES;
				CLANG_WARN_OBJC_LITERAL_CONVERSION = YES;
				CLANG_WARN_OBJC_ROOT_CLASS = YES_ERROR;
				CLANG_WARN_QUOTED_INCLUDE_IN_FRAMEWORK_HEADER = YES;
				CLANG_WARN_RANGE_LOOP_ANALYSIS = YES;
				CLANG_WARN_STRICT_PROTOTYPES = YES;
				CLANG_WARN_SUSPICIOUS_MOVE = YES;
				CLANG_WARN_UNGUARDED_AVAILABILITY = YES_AGGRESSIVE;
				CLANG_WARN_UNREACHABLE_CODE = YES;
				CLANG_WARN__DUPLICATE_METHOD_MATCH = YES;
				COPY_PHASE_STRIP = NO;
				DEBUG_INFORMATION_FORMAT = "dwarf-with-dsym";
				ENABLE_NS_ASSERTIONS = NO;
				ENABLE_STRICT_OBJC_MSGSEND = YES;
				GCC_C_LANGUAGE_STANDARD = gnu11;
				GCC_NO_COMMON_BLOCKS = YES;
				GCC_WARN_64_TO_32_BIT_CONVERSION = YES;
				GCC_WARN_ABOUT_RETURN_TYPE = YES_ERROR;
				GCC_WARN_UNDECLARED_SELECTOR = YES;
				GCC_WARN_UNINITIALIZED_AUTOS = YES_AGGRESSIVE;
				GCC_WARN_UNUSED_FUNCTION = YES;
				GCC_WARN_UNUSED_VARIABLE = YES;
				IPHONEOS_DEPLOYMENT_TARGET = 14.2;
				MTL_ENABLE_DEBUG_INFO = NO;
				MTL_FAST_MATH = YES;
				SDKROOT = iphoneos;
				SWIFT_COMPILATION_MODE = wholemodule;
				SWIFT_OPTIMIZATION_LEVEL = "-O";
				VALIDATE_PRODUCT = YES;
			};
			name = Release;
		};
		4CD54C5C255EE85C009DFB1C /* Debug */ = {
			isa = XCBuildConfiguration;
			buildSettings = {
				ASSETCATALOG_COMPILER_APPICON_NAME = AppIcon;
				ASSETCATALOG_COMPILER_GLOBAL_ACCENT_COLOR_NAME = AccentColor;
				CODE_SIGN_STYLE = Automatic;
				DEVELOPMENT_TEAM = 99WD9D6Y46;
				INFOPLIST_FILE = RocketReserver/Info.plist;
				LD_RUNPATH_SEARCH_PATHS = (
					"$(inherited)",
					"@executable_path/Frameworks",
				);
				PRODUCT_BUNDLE_IDENTIFIER = CongLeSolutionX.RocketReserver;
				PRODUCT_NAME = "$(TARGET_NAME)";
				SWIFT_VERSION = 5.0;
				TARGETED_DEVICE_FAMILY = "1,2";
			};
			name = Debug;
		};
		4CD54C5D255EE85C009DFB1C /* Release */ = {
			isa = XCBuildConfiguration;
			buildSettings = {
				ASSETCATALOG_COMPILER_APPICON_NAME = AppIcon;
				ASSETCATALOG_COMPILER_GLOBAL_ACCENT_COLOR_NAME = AccentColor;
				CODE_SIGN_STYLE = Automatic;
				DEVELOPMENT_TEAM = 99WD9D6Y46;
				INFOPLIST_FILE = RocketReserver/Info.plist;
				LD_RUNPATH_SEARCH_PATHS = (
					"$(inherited)",
					"@executable_path/Frameworks",
				);
				PRODUCT_BUNDLE_IDENTIFIER = CongLeSolutionX.RocketReserver;
				PRODUCT_NAME = "$(TARGET_NAME)";
				SWIFT_VERSION = 5.0;
				TARGETED_DEVICE_FAMILY = "1,2";
			};
			name = Release;
		};
/* End XCBuildConfiguration section */

/* Begin XCConfigurationList section */
		4CD54C42255EE85B009DFB1C /* Build configuration list for PBXProject "RocketReserver" */ = {
			isa = XCConfigurationList;
			buildConfigurations = (
				4CD54C59255EE85C009DFB1C /* Debug */,
				4CD54C5A255EE85C009DFB1C /* Release */,
			);
			defaultConfigurationIsVisible = 0;
			defaultConfigurationName = Release;
		};
		4CD54C5B255EE85C009DFB1C /* Build configuration list for PBXNativeTarget "RocketReserver" */ = {
			isa = XCConfigurationList;
			buildConfigurations = (
				4CD54C5C255EE85C009DFB1C /* Debug */,
				4CD54C5D255EE85C009DFB1C /* Release */,
			);
			defaultConfigurationIsVisible = 0;
			defaultConfigurationName = Release;
		};
/* End XCConfigurationList section */

/* Begin XCRemoteSwiftPackageReference section */
		4CD54C5F255EE9F0009DFB1C /* XCRemoteSwiftPackageReference "apollo-ios" */ = {
			isa = XCRemoteSwiftPackageReference;
			repositoryURL = "https://github.com/apollographql/apollo-ios.git";
			requirement = {
				kind = upToNextMajorVersion;
				minimumVersion = 0.36.0;
			};
		};
		4CD54C7D255F5CB2009DFB1C /* XCRemoteSwiftPackageReference "SDWebImage" */ = {
			isa = XCRemoteSwiftPackageReference;
			repositoryURL = "https://github.com/SDWebImage/SDWebImage";
			requirement = {
				kind = upToNextMajorVersion;
				minimumVersion = 5.9.5;
			};
		};
/* End XCRemoteSwiftPackageReference section */

/* Begin XCSwiftPackageProductDependency section */
		4CD54C60255EE9F0009DFB1C /* Apollo */ = {
			isa = XCSwiftPackageProductDependency;
			package = 4CD54C5F255EE9F0009DFB1C /* XCRemoteSwiftPackageReference "apollo-ios" */;
			productName = Apollo;
		};
		4CD54C62255EE9F0009DFB1C /* ApolloWebSocket */ = {
			isa = XCSwiftPackageProductDependency;
			package = 4CD54C5F255EE9F0009DFB1C /* XCRemoteSwiftPackageReference "apollo-ios" */;
			productName = ApolloWebSocket;
		};
		4CD54C7E255F5CB3009DFB1C /* SDWebImage */ = {
			isa = XCSwiftPackageProductDependency;
			package = 4CD54C7D255F5CB2009DFB1C /* XCRemoteSwiftPackageReference "SDWebImage" */;
			productName = SDWebImage;
		};
		4CD54C80255F5CB3009DFB1C /* SDWebImageMapKit */ = {
			isa = XCSwiftPackageProductDependency;
			package = 4CD54C7D255F5CB2009DFB1C /* XCRemoteSwiftPackageReference "SDWebImage" */;
			productName = SDWebImageMapKit;
		};
/* End XCSwiftPackageProductDependency section */
	};
	rootObject = 4CD54C3F255EE85B009DFB1C /* Project object */;
}
